
Microsoft Visual Studio Solution File, Format Version 12.00
# Visual Studio Version 17
VisualStudioVersion = 17.11.35327.3
MinimumVisualStudioVersion = 10.0.40219.1
Project("{FAE04EC0-301F-11D3-BF4B-00C04F79EFBC}") = "LearnClosedXML", "LearnClosedXML\LearnClosedXML.csproj", "{77E4ADF6-4436-4AEC-A568-D6B12E60A7E0}"
EndProject
Global
	GlobalSection(SolutionConfigurationPlatforms) = preSolution
		Debug|Any CPU = Debug|Any CPU
		Release|Any CPU = Release|Any CPU
	EndGlobalSection
	GlobalSection(ProjectConfigurationPlatforms) = postSolution
		{77E4ADF6-4436-4AEC-A568-D6B12E60A7E0}.Debug|Any CPU.ActiveCfg = Debug|Any CPU
		{77E4ADF6-4436-4AEC-A568-D6B12E60A7E0}.Debug|Any CPU.Build.0 = Debug|Any CPU
		{77E4ADF6-4436-4AEC-A568-D6B12E60A7E0}.Release|Any CPU.ActiveCfg = Release|Any CPU
		{77E4ADF6-4436-4AEC-A568-D6B12E60A7E0}.Release|Any CPU.Build.0 = Release|Any CPU
	EndGlobalSection
	GlobalSection(SolutionProperties) = preSolution
		HideSolutionNode = FALSE
	EndGlobalSection
	GlobalSection(ExtensibilityGlobals) = postSolution
		SolutionGuid = {DB432C3C-7850-4839-A95E-FFCDAAE34574}
	EndGlobalSection
EndGlobal
